{
  "name": "shared",
  "lockfileVersion": 2,
  "requires": true,
  "packages": {
    "": {
      "devDependencies": {
        "type-arango": "^1.3.2"
      }
    },
    "node_modules/@types/arangodb": {
      "version": "3.5.10",
      "resolved": "https://registry.npmjs.org/@types/arangodb/-/arangodb-3.5.10.tgz",
      "integrity": "sha512-GE0mgdLcj930YPnB2CMi91yvI5iK5cUeZqQbl14ej0tJbCiLF04Xa72x5M8a2Kb6Z4TGIJL65IQh1VeCxj9Ljw==",
      "dev": true,
      "dependencies": {
        "@types/node": "*"
      }
    },
    "node_modules/@types/joi": {
      "version": "14.3.4",
      "resolved": "https://registry.npmjs.org/@types/joi/-/joi-14.3.4.tgz",
      "integrity": "sha512-1TQNDJvIKlgYXGNIABfgFp9y0FziDpuGrd799Q5RcnsDu+krD+eeW/0Fs5PHARvWWFelOhIG2OPCo6KbadBM4A==",
      "dev": true
    },
    "node_modules/@types/node": {
      "version": "11.15.52",
      "resolved": "https://registry.npmjs.org/@types/node/-/node-11.15.52.tgz",
      "integrity": "sha512-fLxyEL5bGfxKJVlnA03LIhNF9Mjcc5h1m/98vCxJYEfhG+qrlKet7u57NKGqws6rZLQHVlWNDJJyouC7HNHWPQ==",
      "dev": true
    },
    "node_modules/hoek": {
      "version": "6.1.3",
      "resolved": "https://registry.npmjs.org/hoek/-/hoek-6.1.3.tgz",
      "integrity": "sha512-YXXAAhmF9zpQbC7LEcREFtXfGq5K1fmd+4PHkBq8NUqmzW3G+Dq10bI/i0KucLRwss3YYFQ0fSfoxBZYiGUqtQ==",
      "deprecated": "This module has moved and is now available at @hapi/hoek. Please update your dependencies as this version is no longer maintained an may contain bugs and security issues.",
      "dev": true
    },
    "node_modules/isemail": {
      "version": "3.2.0",
      "resolved": "https://registry.npmjs.org/isemail/-/isemail-3.2.0.tgz",
      "integrity": "sha512-zKqkK+O+dGqevc93KNsbZ/TqTUFd46MwWjYOoMrjIMZ51eU7DtQG3Wmd9SQQT7i7RVnuTPEiYEWHU3MSbxC1Tg==",
      "dev": true,
      "dependencies": {
        "punycode": "2.x.x"
      },
      "engines": {
        "node": ">=4.0.0"
      }
    },
    "node_modules/joi": {
      "version": "14.3.1",
      "resolved": "https://registry.npmjs.org/joi/-/joi-14.3.1.tgz",
      "integrity": "sha512-LQDdM+pkOrpAn4Lp+neNIFV3axv1Vna3j38bisbQhETPMANYRbFJFUyOZcOClYvM/hppMhGWuKSFEK9vjrB+bQ==",
      "deprecated": "This module has moved and is now available at @hapi/joi. Please update your dependencies as this version is no longer maintained an may contain bugs and security issues.",
      "dev": true,
      "dependencies": {
        "hoek": "6.x.x",
        "isemail": "3.x.x",
        "topo": "3.x.x"
      }
    },
    "node_modules/punycode": {
      "version": "2.1.1",
      "resolved": "https://registry.npmjs.org/punycode/-/punycode-2.1.1.tgz",
      "integrity": "sha512-XRsRjdf+j5ml+y/6GKHPZbrF/8p2Yga0JPtdqTIY2Xe5ohJPD9saDJJLPvp9+NSBprVvevdXZybnj2cv8OEd0A==",
      "dev": true,
      "engines": {
        "node": ">=6"
      }
    },
    "node_modules/reflect-metadata": {
      "version": "0.1.13",
      "resolved": "https://registry.npmjs.org/reflect-metadata/-/reflect-metadata-0.1.13.tgz",
      "integrity": "sha512-Ts1Y/anZELhSsjMcU605fU9RE4Oi3p5ORujwbIKXfWa+0Zxs510Qrmrce5/Jowq3cHSZSJqBjypxmHarc+vEWg==",
      "dev": true
    },
    "node_modules/topo": {
      "version": "3.0.3",
      "resolved": "https://registry.npmjs.org/topo/-/topo-3.0.3.tgz",
      "integrity": "sha512-IgpPtvD4kjrJ7CRA3ov2FhWQADwv+Tdqbsf1ZnPUSAtCJ9e1Z44MmoSGDXGk4IppoZA7jd/QRkNddlLJWlUZsQ==",
      "deprecated": "This module has moved and is now available at @hapi/topo. Please update your dependencies as this version is no longer maintained an may contain bugs and security issues.",
      "dev": true,
      "dependencies": {
        "hoek": "6.x.x"
      }
    },
    "node_modules/type-arango": {
      "version": "1.3.2",
      "resolved": "https://registry.npmjs.org/type-arango/-/type-arango-1.3.2.tgz",
      "integrity": "sha512-hn6XGjw02ejOC6JzHsEtgO+fjSjp9sIBFXoGQk8f5dn9V52YIbrJNC/kfNd3XpAcOmWmcneXljq0tvL8aj565A==",
      "dev": true,
      "dependencies": {
        "@types/arangodb": "^3.5.0",
        "@types/joi": "^14.3.2",
        "@types/node": "^11.11.7",
        "joi": "^14.3.1",
        "reflect-metadata": "^0.1.13",
        "typescript": "^3.7.4"
      }
    },
    "node_modules/typescript": {
      "version": "3.9.9",
      "resolved": "https://registry.npmjs.org/typescript/-/typescript-3.9.9.tgz",
      "integrity": "sha512-kdMjTiekY+z/ubJCATUPlRDl39vXYiMV9iyeMuEuXZh2we6zz80uovNN2WlAxmmdE/Z/YQe+EbOEXB5RHEED3w==",
      "dev": true,
      "bin": {
        "tsc": "bin/tsc",
        "tsserver": "bin/tsserver"
      },
      "engines": {
        "node": ">=4.2.0"
      }
    }
  },
  "dependencies": {
    "@types/arangodb": {
      "version": "3.5.10",
      "resolved": "https://registry.npmjs.org/@types/arangodb/-/arangodb-3.5.10.tgz",
      "integrity": "sha512-GE0mgdLcj930YPnB2CMi91yvI5iK5cUeZqQbl14ej0tJbCiLF04Xa72x5M8a2Kb6Z4TGIJL65IQh1VeCxj9Ljw==",
      "dev": true,
      "requires": {
        "@types/node": "*"
      }
    },
    "@types/joi": {
      "version": "14.3.4",
      "resolved": "https://registry.npmjs.org/@types/joi/-/joi-14.3.4.tgz",
      "integrity": "sha512-1TQNDJvIKlgYXGNIABfgFp9y0FziDpuGrd799Q5RcnsDu+krD+eeW/0Fs5PHARvWWFelOhIG2OPCo6KbadBM4A==",
      "dev": true
    },
    "@types/node": {
      "version": "11.15.52",
      "resolved": "https://registry.npmjs.org/@types/node/-/node-11.15.52.tgz",
      "integrity": "sha512-fLxyEL5bGfxKJVlnA03LIhNF9Mjcc5h1m/98vCxJYEfhG+qrlKet7u57NKGqws6rZLQHVlWNDJJyouC7HNHWPQ==",
      "dev": true
    },
    "hoek": {
      "version": "6.1.3",
      "resolved": "https://registry.npmjs.org/hoek/-/hoek-6.1.3.tgz",
      "integrity": "sha512-YXXAAhmF9zpQbC7LEcREFtXfGq5K1fmd+4PHkBq8NUqmzW3G+Dq10bI/i0KucLRwss3YYFQ0fSfoxBZYiGUqtQ==",
      "dev": true
    },
    "isemail": {
      "version": "3.2.0",
      "resolved": "https://registry.npmjs.org/isemail/-/isemail-3.2.0.tgz",
      "integrity": "sha512-zKqkK+O+dGqevc93KNsbZ/TqTUFd46MwWjYOoMrjIMZ51eU7DtQG3Wmd9SQQT7i7RVnuTPEiYEWHU3MSbxC1Tg==",
      "dev": true,
      "requires": {
        "punycode": "2.x.x"
      }
    },
    "joi": {
      "version": "14.3.1",
      "resolved": "https://registry.npmjs.org/joi/-/joi-14.3.1.tgz",
      "integrity": "sha512-LQDdM+pkOrpAn4Lp+neNIFV3axv1Vna3j38bisbQhETPMANYRbFJFUyOZcOClYvM/hppMhGWuKSFEK9vjrB+bQ==",
      "dev": true,
      "requires": {
        "hoek": "6.x.x",
        "isemail": "3.x.x",
        "topo": "3.x.x"
      }
    },
    "punycode": {
      "version": "2.1.1",
      "resolved": "https://registry.npmjs.org/punycode/-/punycode-2.1.1.tgz",
      "integrity": "sha512-XRsRjdf+j5ml+y/6GKHPZbrF/8p2Yga0JPtdqTIY2Xe5ohJPD9saDJJLPvp9+NSBprVvevdXZybnj2cv8OEd0A==",
      "dev": true
    },
    "reflect-metadata": {
      "version": "0.1.13",
      "resolved": "https://registry.npmjs.org/reflect-metadata/-/reflect-metadata-0.1.13.tgz",
      "integrity": "sha512-Ts1Y/anZELhSsjMcU605fU9RE4Oi3p5ORujwbIKXfWa+0Zxs510Qrmrce5/Jowq3cHSZSJqBjypxmHarc+vEWg==",
      "dev": true
    },
    "topo": {
      "version": "3.0.3",
      "resolved": "https://registry.npmjs.org/topo/-/topo-3.0.3.tgz",
      "integrity": "sha512-IgpPtvD4kjrJ7CRA3ov2FhWQADwv+Tdqbsf1ZnPUSAtCJ9e1Z44MmoSGDXGk4IppoZA7jd/QRkNddlLJWlUZsQ==",
      "dev": true,
      "requires": {
        "hoek": "6.x.x"
      }
    },
    "type-arango": {
      "version": "1.3.2",
      "resolved": "https://registry.npmjs.org/type-arango/-/type-arango-1.3.2.tgz",
      "integrity": "sha512-hn6XGjw02ejOC6JzHsEtgO+fjSjp9sIBFXoGQk8f5dn9V52YIbrJNC/kfNd3XpAcOmWmcneXljq0tvL8aj565A==",
      "dev": true,
      "requires": {
        "@types/arangodb": "^3.5.0",
        "@types/joi": "^14.3.2",
        "@types/node": "^11.11.7",
        "joi": "^14.3.1",
        "reflect-metadata": "^0.1.13",
        "typescript": "^3.7.4"
      }
    },
    "typescript": {
      "version": "3.9.9",
      "resolved": "https://registry.npmjs.org/typescript/-/typescript-3.9.9.tgz",
      "integrity": "sha512-kdMjTiekY+z/ubJCATUPlRDl39vXYiMV9iyeMuEuXZh2we6zz80uovNN2WlAxmmdE/Z/YQe+EbOEXB5RHEED3w==",
      "dev": true
    }
  }
}
